
Microsoft Visual Studio Solution File, Format Version 12.00
# Visual Studio Version 16
VisualStudioVersion = 16.0.31515.178
MinimumVisualStudioVersion = 10.0.40219.1
Project("{9A19103F-16F7-4668-BE54-9A1E7A4F7556}") = "Common", "Common\Common.csproj", "{DF56B89E-BA12-438C-BA64-1ADA4788A31C}"
EndProject
Project("{9A19103F-16F7-4668-BE54-9A1E7A4F7556}") = "ConvViVi", "ConvViVi\ConvViVi.csproj", "{871B9277-3B84-4FA6-A74A-108C9AA57D50}"
EndProject
Project("{9A19103F-16F7-4668-BE54-9A1E7A4F7556}") = "ConvViCn", "ConvViCn\ConvViCn.csproj", "{0C080E0C-BC91-4022-B9A6-67343DD2A6EA}"
EndProject
Project("{9A19103F-16F7-4668-BE54-9A1E7A4F7556}") = "ConvCnVi", "ConvCnVi\ConvCnVi.csproj", "{EF8364F1-F3BC-4E0C-8280-E1CD7A333E5B}"
EndProject
Project("{9A19103F-16F7-4668-BE54-9A1E7A4F7556}") = "Config", "Config\Config.csproj", "{90409202-1342-4CCE-9881-4CC608BACD99}"
EndProject
Project("{9A19103F-16F7-4668-BE54-9A1E7A4F7556}") = "InteractiveLookup", "InteractiveLookup\InteractiveLookup.csproj", "{9F4A477C-08CD-42B2-88E5-2CA644ED5595}"
EndProject
Project("{9A19103F-16F7-4668-BE54-9A1E7A4F7556}") = "DLLInjector", "DLLInjector\DLLInjector.csproj", "{F4A38AFE-0894-44F5-9F14-1BC8ED5B9FB5}"
EndProject
Project("{8BC9CEB8-8B4A-11D0-8D11-00A0C91BC942}") = "Tracer", "Tracer\Tracer.vcxproj", "{1666DDA3-0B0A-4375-9FFA-B21C98EF55D1}"
EndProject
Project("{2150E333-8FDC-42A3-9474-1A3956D46DE8}") = "DictionaryReader", "DictionaryReader", "{2A9B6B8D-3E93-4B4A-BDF3-E8221E245DF6}"
EndProject
Global
	GlobalSection(SolutionConfigurationPlatforms) = preSolution
		Debug_VC2017|Any CPU = Debug_VC2017|Any CPU
		Debug_VC2017|x64 = Debug_VC2017|x64
		Debug_VC2017|x86 = Debug_VC2017|x86
		Debug_VC2017-UNICODE|Any CPU = Debug_VC2017-UNICODE|Any CPU
		Debug_VC2017-UNICODE|x64 = Debug_VC2017-UNICODE|x64
		Debug_VC2017-UNICODE|x86 = Debug_VC2017-UNICODE|x86
		Debug|Any CPU = Debug|Any CPU
		Debug|x64 = Debug|x64
		Debug|x86 = Debug|x86
		Release_VC2017|Any CPU = Release_VC2017|Any CPU
		Release_VC2017|x64 = Release_VC2017|x64
		Release_VC2017|x86 = Release_VC2017|x86
		Release_VC2017-UNICODE|Any CPU = Release_VC2017-UNICODE|Any CPU
		Release_VC2017-UNICODE|x64 = Release_VC2017-UNICODE|x64
		Release_VC2017-UNICODE|x86 = Release_VC2017-UNICODE|x86
		Release|Any CPU = Release|Any CPU
		Release|x64 = Release|x64
		Release|x86 = Release|x86
	EndGlobalSection
	GlobalSection(ProjectConfigurationPlatforms) = postSolution
		{DF56B89E-BA12-438C-BA64-1ADA4788A31C}.Debug_VC2017|Any CPU.ActiveCfg = Debug|Any CPU
		{DF56B89E-BA12-438C-BA64-1ADA4788A31C}.Debug_VC2017|x64.ActiveCfg = Debug|Any CPU
		{DF56B89E-BA12-438C-BA64-1ADA4788A31C}.Debug_VC2017|x86.ActiveCfg = Debug|Any CPU
		{DF56B89E-BA12-438C-BA64-1ADA4788A31C}.Debug_VC2017-UNICODE|Any CPU.ActiveCfg = Debug|Any CPU
		{DF56B89E-BA12-438C-BA64-1ADA4788A31C}.Debug_VC2017-UNICODE|x64.ActiveCfg = Debug|Any CPU
		{DF56B89E-BA12-438C-BA64-1ADA4788A31C}.Debug_VC2017-UNICODE|x86.ActiveCfg = Debug|Any CPU
		{DF56B89E-BA12-438C-BA64-1ADA4788A31C}.Debug|Any CPU.ActiveCfg = Debug|Any CPU
		{DF56B89E-BA12-438C-BA64-1ADA4788A31C}.Debug|Any CPU.Build.0 = Debug|Any CPU
		{DF56B89E-BA12-438C-BA64-1ADA4788A31C}.Debug|x64.ActiveCfg = Debug|Any CPU
		{DF56B89E-BA12-438C-BA64-1ADA4788A31C}.Debug|x64.Build.0 = Debug|Any CPU
		{DF56B89E-BA12-438C-BA64-1ADA4788A31C}.Debug|x86.ActiveCfg = Debug|Any CPU
		{DF56B89E-BA12-438C-BA64-1ADA4788A31C}.Debug|x86.Build.0 = Debug|Any CPU
		{DF56B89E-BA12-438C-BA64-1ADA4788A31C}.Release_VC2017|Any CPU.ActiveCfg = Release|Any CPU
		{DF56B89E-BA12-438C-BA64-1ADA4788A31C}.Release_VC2017|x64.ActiveCfg = Release|Any CPU
		{DF56B89E-BA12-438C-BA64-1ADA4788A31C}.Release_VC2017|x86.ActiveCfg = Release|Any CPU
		{DF56B89E-BA12-438C-BA64-1ADA4788A31C}.Release_VC2017-UNICODE|Any CPU.ActiveCfg = Release|Any CPU
		{DF56B89E-BA12-438C-BA64-1ADA4788A31C}.Release_VC2017-UNICODE|x64.ActiveCfg = Release|Any CPU
		{DF56B89E-BA12-438C-BA64-1ADA4788A31C}.Release_VC2017-UNICODE|x86.ActiveCfg = Release|Any CPU
		{DF56B89E-BA12-438C-BA64-1ADA4788A31C}.Release|Any CPU.ActiveCfg = Release|Any CPU
		{DF56B89E-BA12-438C-BA64-1ADA4788A31C}.Release|Any CPU.Build.0 = Release|Any CPU
		{DF56B89E-BA12-438C-BA64-1ADA4788A31C}.Release|x64.ActiveCfg = Release|Any CPU
		{DF56B89E-BA12-438C-BA64-1ADA4788A31C}.Release|x64.Build.0 = Release|Any CPU
		{DF56B89E-BA12-438C-BA64-1ADA4788A31C}.Release|x86.ActiveCfg = Release|Any CPU
		{DF56B89E-BA12-438C-BA64-1ADA4788A31C}.Release|x86.Build.0 = Release|Any CPU
		{871B9277-3B84-4FA6-A74A-108C9AA57D50}.Debug_VC2017|Any CPU.ActiveCfg = Debug|Any CPU
		{871B9277-3B84-4FA6-A74A-108C9AA57D50}.Debug_VC2017|x64.ActiveCfg = Debug|Any CPU
		{871B9277-3B84-4FA6-A74A-108C9AA57D50}.Debug_VC2017|x86.ActiveCfg = Debug|Any CPU
		{871B9277-3B84-4FA6-A74A-108C9AA57D50}.Debug_VC2017-UNICODE|Any CPU.ActiveCfg = Debug|Any CPU
		{871B9277-3B84-4FA6-A74A-108C9AA57D50}.Debug_VC2017-UNICODE|x64.ActiveCfg = Debug|Any CPU
		{871B9277-3B84-4FA6-A74A-108C9AA57D50}.Debug_VC2017-UNICODE|x86.ActiveCfg = Debug|Any CPU
		{871B9277-3B84-4FA6-A74A-108C9AA57D50}.Debug|Any CPU.ActiveCfg = Debug|Any CPU
		{871B9277-3B84-4FA6-A74A-108C9AA57D50}.Debug|Any CPU.Build.0 = Debug|Any CPU
		{871B9277-3B84-4FA6-A74A-108C9AA57D50}.Debug|x64.ActiveCfg = Debug|Any CPU
		{871B9277-3B84-4FA6-A74A-108C9AA57D50}.Debug|x64.Build.0 = Debug|Any CPU
		{871B9277-3B84-4FA6-A74A-108C9AA57D50}.Debug|x86.ActiveCfg = Debug|Any CPU
		{871B9277-3B84-4FA6-A74A-108C9AA57D50}.Debug|x86.Build.0 = Debug|Any CPU
		{871B9277-3B84-4FA6-A74A-108C9AA57D50}.Release_VC2017|Any CPU.ActiveCfg = Release|Any CPU
		{871B9277-3B84-4FA6-A74A-108C9AA57D50}.Release_VC2017|x64.ActiveCfg = Release|Any CPU
		{871B9277-3B84-4FA6-A74A-108C9AA57D50}.Release_VC2017|x86.ActiveCfg = Release|Any CPU
		{871B9277-3B84-4FA6-A74A-108C9AA57D50}.Release_VC2017-UNICODE|Any CPU.ActiveCfg = Release|Any CPU
		{871B9277-3B84-4FA6-A74A-108C9AA57D50}.Release_VC2017-UNICODE|x64.ActiveCfg = Release|Any CPU
		{871B9277-3B84-4FA6-A74A-108C9AA57D50}.Release_VC2017-UNICODE|x86.ActiveCfg = Release|Any CPU
		{871B9277-3B84-4FA6-A74A-108C9AA57D50}.Release|Any CPU.ActiveCfg = Release|Any CPU
		{871B9277-3B84-4FA6-A74A-108C9AA57D50}.Release|Any CPU.Build.0 = Release|Any CPU
		{871B9277-3B84-4FA6-A74A-108C9AA57D50}.Release|x64.ActiveCfg = Release|Any CPU
		{871B9277-3B84-4FA6-A74A-108C9AA57D50}.Release|x64.Build.0 = Release|Any CPU
		{871B9277-3B84-4FA6-A74A-108C9AA57D50}.Release|x86.ActiveCfg = Release|Any CPU
		{871B9277-3B84-4FA6-A74A-108C9AA57D50}.Release|x86.Build.0 = Release|Any CPU
		{0C080E0C-BC91-4022-B9A6-67343DD2A6EA}.Debug_VC2017|Any CPU.ActiveCfg = Debug|Any CPU
		{0C080E0C-BC91-4022-B9A6-67343DD2A6EA}.Debug_VC2017|x64.ActiveCfg = Debug|Any CPU
		{0C080E0C-BC91-4022-B9A6-67343DD2A6EA}.Debug_VC2017|x86.ActiveCfg = Debug|Any CPU
		{0C080E0C-BC91-4022-B9A6-67343DD2A6EA}.Debug_VC2017-UNICODE|Any CPU.ActiveCfg = Debug|Any CPU
		{0C080E0C-BC91-4022-B9A6-67343DD2A6EA}.Debug_VC2017-UNICODE|x64.ActiveCfg = Debug|Any CPU
		{0C080E0C-BC91-4022-B9A6-67343DD2A6EA}.Debug_VC2017-UNICODE|x86.ActiveCfg = Debug|Any CPU
		{0C080E0C-BC91-4022-B9A6-67343DD2A6EA}.Debug|Any CPU.ActiveCfg = Debug|Any CPU
		{0C080E0C-BC91-4022-B9A6-67343DD2A6EA}.Debug|Any CPU.Build.0 = Debug|Any CPU
		{0C080E0C-BC91-4022-B9A6-67343DD2A6EA}.Debug|x64.ActiveCfg = Debug|Any CPU
		{0C080E0C-BC91-4022-B9A6-67343DD2A6EA}.Debug|x64.Build.0 = Debug|Any CPU
		{0C080E0C-BC91-4022-B9A6-67343DD2A6EA}.Debug|x86.ActiveCfg = Debug|Any CPU
		{0C080E0C-BC91-4022-B9A6-67343DD2A6EA}.Debug|x86.Build.0 = Debug|Any CPU
		{0C080E0C-BC91-4022-B9A6-67343DD2A6EA}.Release_VC2017|Any CPU.ActiveCfg = Release|Any CPU
		{0C080E0C-BC91-4022-B9A6-67343DD2A6EA}.Release_VC2017|x64.ActiveCfg = Release|Any CPU
		{0C080E0C-BC91-4022-B9A6-67343DD2A6EA}.Release_VC2017|x86.ActiveCfg = Release|Any CPU
		{0C080E0C-BC91-4022-B9A6-67343DD2A6EA}.Release_VC2017-UNICODE|Any CPU.ActiveCfg = Release|Any CPU
		{0C080E0C-BC91-4022-B9A6-67343DD2A6EA}.Release_VC2017-UNICODE|x64.ActiveCfg = Release|Any CPU
		{0C080E0C-BC91-4022-B9A6-67343DD2A6EA}.Release_VC2017-UNICODE|x86.ActiveCfg = Release|Any CPU
		{0C080E0C-BC91-4022-B9A6-67343DD2A6EA}.Release|Any CPU.ActiveCfg = Release|Any CPU
		{0C080E0C-BC91-4022-B9A6-67343DD2A6EA}.Release|Any CPU.Build.0 = Release|Any CPU
		{0C080E0C-BC91-4022-B9A6-67343DD2A6EA}.Release|x64.ActiveCfg = Release|Any CPU
		{0C080E0C-BC91-4022-B9A6-67343DD2A6EA}.Release|x64.Build.0 = Release|Any CPU
		{0C080E0C-BC91-4022-B9A6-67343DD2A6EA}.Release|x86.ActiveCfg = Release|Any CPU
		{0C080E0C-BC91-4022-B9A6-67343DD2A6EA}.Release|x86.Build.0 = Release|Any CPU
		{EF8364F1-F3BC-4E0C-8280-E1CD7A333E5B}.Debug_VC2017|Any CPU.ActiveCfg = Debug|Any CPU
		{EF8364F1-F3BC-4E0C-8280-E1CD7A333E5B}.Debug_VC2017|x64.ActiveCfg = Debug|Any CPU
		{EF8364F1-F3BC-4E0C-8280-E1CD7A333E5B}.Debug_VC2017|x86.ActiveCfg = Debug|Any CPU
		{EF8364F1-F3BC-4E0C-8280-E1CD7A333E5B}.Debug_VC2017-UNICODE|Any CPU.ActiveCfg = Debug|Any CPU
		{EF8364F1-F3BC-4E0C-8280-E1CD7A333E5B}.Debug_VC2017-UNICODE|x64.ActiveCfg = Debug|Any CPU
		{EF8364F1-F3BC-4E0C-8280-E1CD7A333E5B}.Debug_VC2017-UNICODE|x86.ActiveCfg = Debug|Any CPU
		{EF8364F1-F3BC-4E0C-8280-E1CD7A333E5B}.Debug|Any CPU.ActiveCfg = Debug|Any CPU
		{EF8364F1-F3BC-4E0C-8280-E1CD7A333E5B}.Debug|Any CPU.Build.0 = Debug|Any CPU
		{EF8364F1-F3BC-4E0C-8280-E1CD7A333E5B}.Debug|x64.ActiveCfg = Debug|Any CPU
		{EF8364F1-F3BC-4E0C-8280-E1CD7A333E5B}.Debug|x64.Build.0 = Debug|Any CPU
		{EF8364F1-F3BC-4E0C-8280-E1CD7A333E5B}.Debug|x86.ActiveCfg = Debug|Any CPU
		{EF8364F1-F3BC-4E0C-8280-E1CD7A333E5B}.Debug|x86.Build.0 = Debug|Any CPU
		{EF8364F1-F3BC-4E0C-8280-E1CD7A333E5B}.Release_VC2017|Any CPU.ActiveCfg = Release|Any CPU
		{EF8364F1-F3BC-4E0C-8280-E1CD7A333E5B}.Release_VC2017|x64.ActiveCfg = Release|Any CPU
		{EF8364F1-F3BC-4E0C-8280-E1CD7A333E5B}.Release_VC2017|x86.ActiveCfg = Release|Any CPU
		{EF8364F1-F3BC-4E0C-8280-E1CD7A333E5B}.Release_VC2017-UNICODE|Any CPU.ActiveCfg = Release|Any CPU
		{EF8364F1-F3BC-4E0C-8280-E1CD7A333E5B}.Release_VC2017-UNICODE|x64.ActiveCfg = Release|Any CPU
		{EF8364F1-F3BC-4E0C-8280-E1CD7A333E5B}.Release_VC2017-UNICODE|x86.ActiveCfg = Release|Any CPU
		{EF8364F1-F3BC-4E0C-8280-E1CD7A333E5B}.Release|Any CPU.ActiveCfg = Release|Any CPU
		{EF8364F1-F3BC-4E0C-8280-E1CD7A333E5B}.Release|Any CPU.Build.0 = Release|Any CPU
		{EF8364F1-F3BC-4E0C-8280-E1CD7A333E5B}.Release|x64.ActiveCfg = Release|Any CPU
		{EF8364F1-F3BC-4E0C-8280-E1CD7A333E5B}.Release|x64.Build.0 = Release|Any CPU
		{EF8364F1-F3BC-4E0C-8280-E1CD7A333E5B}.Release|x86.ActiveCfg = Release|Any CPU
		{EF8364F1-F3BC-4E0C-8280-E1CD7A333E5B}.Release|x86.Build.0 = Release|Any CPU
		{90409202-1342-4CCE-9881-4CC608BACD99}.Debug_VC2017|Any CPU.ActiveCfg = Debug|Any CPU
		{90409202-1342-4CCE-9881-4CC608BACD99}.Debug_VC2017|x64.ActiveCfg = Debug|Any CPU
		{90409202-1342-4CCE-9881-4CC608BACD99}.Debug_VC2017|x86.ActiveCfg = Debug|Any CPU
		{90409202-1342-4CCE-9881-4CC608BACD99}.Debug_VC2017-UNICODE|Any CPU.ActiveCfg = Debug|Any CPU
		{90409202-1342-4CCE-9881-4CC608BACD99}.Debug_VC2017-UNICODE|x64.ActiveCfg = Debug|Any CPU
		{90409202-1342-4CCE-9881-4CC608BACD99}.Debug_VC2017-UNICODE|x86.ActiveCfg = Debug|Any CPU
		{90409202-1342-4CCE-9881-4CC608BACD99}.Debug|Any CPU.ActiveCfg = Debug|Any CPU
		{90409202-1342-4CCE-9881-4CC608BACD99}.Debug|Any CPU.Build.0 = Debug|Any CPU
		{90409202-1342-4CCE-9881-4CC608BACD99}.Debug|x64.ActiveCfg = Debug|Any CPU
		{90409202-1342-4CCE-9881-4CC608BACD99}.Debug|x64.Build.0 = Debug|Any CPU
		{90409202-1342-4CCE-9881-4CC608BACD99}.Debug|x86.ActiveCfg = Debug|Any CPU
		{90409202-1342-4CCE-9881-4CC608BACD99}.Debug|x86.Build.0 = Debug|Any CPU
		{90409202-1342-4CCE-9881-4CC608BACD99}.Release_VC2017|Any CPU.ActiveCfg = Release|Any CPU
		{90409202-1342-4CCE-9881-4CC608BACD99}.Release_VC2017|x64.ActiveCfg = Release|Any CPU
		{90409202-1342-4CCE-9881-4CC608BACD99}.Release_VC2017|x86.ActiveCfg = Release|Any CPU
		{90409202-1342-4CCE-9881-4CC608BACD99}.Release_VC2017-UNICODE|Any CPU.ActiveCfg = Release|Any CPU
		{90409202-1342-4CCE-9881-4CC608BACD99}.Release_VC2017-UNICODE|x64.ActiveCfg = Release|Any CPU
		{90409202-1342-4CCE-9881-4CC608BACD99}.Release_VC2017-UNICODE|x86.ActiveCfg = Release|Any CPU
		{90409202-1342-4CCE-9881-4CC608BACD99}.Release|Any CPU.ActiveCfg = Release|Any CPU
		{90409202-1342-4CCE-9881-4CC608BACD99}.Release|Any CPU.Build.0 = Release|Any CPU
		{90409202-1342-4CCE-9881-4CC608BACD99}.Release|x64.ActiveCfg = Release|Any CPU
		{90409202-1342-4CCE-9881-4CC608BACD99}.Release|x64.Build.0 = Release|Any CPU
		{90409202-1342-4CCE-9881-4CC608BACD99}.Release|x86.ActiveCfg = Release|Any CPU
		{90409202-1342-4CCE-9881-4CC608BACD99}.Release|x86.Build.0 = Release|Any CPU
		{9F4A477C-08CD-42B2-88E5-2CA644ED5595}.Debug_VC2017|Any CPU.ActiveCfg = Debug|Any CPU
		{9F4A477C-08CD-42B2-88E5-2CA644ED5595}.Debug_VC2017|x64.ActiveCfg = Debug|Any CPU
		{9F4A477C-08CD-42B2-88E5-2CA644ED5595}.Debug_VC2017|x86.ActiveCfg = Debug|Any CPU
		{9F4A477C-08CD-42B2-88E5-2CA644ED5595}.Debug_VC2017-UNICODE|Any CPU.ActiveCfg = Debug|Any CPU
		{9F4A477C-08CD-42B2-88E5-2CA644ED5595}.Debug_VC2017-UNICODE|x64.ActiveCfg = Debug|Any CPU
		{9F4A477C-08CD-42B2-88E5-2CA644ED5595}.Debug_VC2017-UNICODE|x86.ActiveCfg = Debug|Any CPU
		{9F4A477C-08CD-42B2-88E5-2CA644ED5595}.Debug|Any CPU.ActiveCfg = Debug|Any CPU
		{9F4A477C-08CD-42B2-88E5-2CA644ED5595}.Debug|Any CPU.Build.0 = Debug|Any CPU
		{9F4A477C-08CD-42B2-88E5-2CA644ED5595}.Debug|x64.ActiveCfg = Debug|Any CPU
		{9F4A477C-08CD-42B2-88E5-2CA644ED5595}.Debug|x64.Build.0 = Debug|Any CPU
		{9F4A477C-08CD-42B2-88E5-2CA644ED5595}.Debug|x86.ActiveCfg = Debug|Any CPU
		{9F4A477C-08CD-42B2-88E5-2CA644ED5595}.Debug|x86.Build.0 = Debug|Any CPU
		{9F4A477C-08CD-42B2-88E5-2CA644ED5595}.Release_VC2017|Any CPU.ActiveCfg = Release|Any CPU
		{9F4A477C-08CD-42B2-88E5-2CA644ED5595}.Release_VC2017|x64.ActiveCfg = Release|Any CPU
		{9F4A477C-08CD-42B2-88E5-2CA644ED5595}.Release_VC2017|x86.ActiveCfg = Release|Any CPU
		{9F4A477C-08CD-42B2-88E5-2CA644ED5595}.Release_VC2017-UNICODE|Any CPU.ActiveCfg = Release|Any CPU
		{9F4A477C-08CD-42B2-88E5-2CA644ED5595}.Release_VC2017-UNICODE|x64.ActiveCfg = Release|Any CPU
		{9F4A477C-08CD-42B2-88E5-2CA644ED5595}.Release_VC2017-UNICODE|x86.ActiveCfg = Release|Any CPU
		{9F4A477C-08CD-42B2-88E5-2CA644ED5595}.Release|Any CPU.ActiveCfg = Release|Any CPU
		{9F4A477C-08CD-42B2-88E5-2CA644ED5595}.Release|Any CPU.Build.0 = Release|Any CPU
		{9F4A477C-08CD-42B2-88E5-2CA644ED5595}.Release|x64.ActiveCfg = Release|Any CPU
		{9F4A477C-08CD-42B2-88E5-2CA644ED5595}.Release|x64.Build.0 = Release|Any CPU
		{9F4A477C-08CD-42B2-88E5-2CA644ED5595}.Release|x86.ActiveCfg = Release|Any CPU
		{9F4A477C-08CD-42B2-88E5-2CA644ED5595}.Release|x86.Build.0 = Release|Any CPU
		{F4A38AFE-0894-44F5-9F14-1BC8ED5B9FB5}.Debug_VC2017|Any CPU.ActiveCfg = Debug|Any CPU
		{F4A38AFE-0894-44F5-9F14-1BC8ED5B9FB5}.Debug_VC2017|Any CPU.Build.0 = Debug|Any CPU
		{F4A38AFE-0894-44F5-9F14-1BC8ED5B9FB5}.Debug_VC2017|x64.ActiveCfg = Debug|Any CPU
		{F4A38AFE-0894-44F5-9F14-1BC8ED5B9FB5}.Debug_VC2017|x64.Build.0 = Debug|Any CPU
		{F4A38AFE-0894-44F5-9F14-1BC8ED5B9FB5}.Debug_VC2017|x86.ActiveCfg = Debug|Any CPU
		{F4A38AFE-0894-44F5-9F14-1BC8ED5B9FB5}.Debug_VC2017|x86.Build.0 = Debug|Any CPU
		{F4A38AFE-0894-44F5-9F14-1BC8ED5B9FB5}.Debug_VC2017-UNICODE|Any CPU.ActiveCfg = Debug|Any CPU
		{F4A38AFE-0894-44F5-9F14-1BC8ED5B9FB5}.Debug_VC2017-UNICODE|Any CPU.Build.0 = Debug|Any CPU
		{F4A38AFE-0894-44F5-9F14-1BC8ED5B9FB5}.Debug_VC2017-UNICODE|x64.ActiveCfg = Debug|Any CPU
		{F4A38AFE-0894-44F5-9F14-1BC8ED5B9FB5}.Debug_VC2017-UNICODE|x64.Build.0 = Debug|Any CPU
		{F4A38AFE-0894-44F5-9F14-1BC8ED5B9FB5}.Debug_VC2017-UNICODE|x86.ActiveCfg = Debug|Any CPU
		{F4A38AFE-0894-44F5-9F14-1BC8ED5B9FB5}.Debug_VC2017-UNICODE|x86.Build.0 = Debug|Any CPU
		{F4A38AFE-0894-44F5-9F14-1BC8ED5B9FB5}.Debug|Any CPU.ActiveCfg = Debug|Any CPU
		{F4A38AFE-0894-44F5-9F14-1BC8ED5B9FB5}.Debug|Any CPU.Build.0 = Debug|Any CPU
		{F4A38AFE-0894-44F5-9F14-1BC8ED5B9FB5}.Debug|x64.ActiveCfg = Debug|Any CPU
		{F4A38AFE-0894-44F5-9F14-1BC8ED5B9FB5}.Debug|x64.Build.0 = Debug|Any CPU
		{F4A38AFE-0894-44F5-9F14-1BC8ED5B9FB5}.Debug|x86.ActiveCfg = Debug|Any CPU
		{F4A38AFE-0894-44F5-9F14-1BC8ED5B9FB5}.Debug|x86.Build.0 = Debug|Any CPU
		{F4A38AFE-0894-44F5-9F14-1BC8ED5B9FB5}.Release_VC2017|Any CPU.ActiveCfg = Release|Any CPU
		{F4A38AFE-0894-44F5-9F14-1BC8ED5B9FB5}.Release_VC2017|Any CPU.Build.0 = Release|Any CPU
		{F4A38AFE-0894-44F5-9F14-1BC8ED5B9FB5}.Release_VC2017|x64.ActiveCfg = Release|Any CPU
		{F4A38AFE-0894-44F5-9F14-1BC8ED5B9FB5}.Release_VC2017|x64.Build.0 = Release|Any CPU
		{F4A38AFE-0894-44F5-9F14-1BC8ED5B9FB5}.Release_VC2017|x86.ActiveCfg = Release|Any CPU
		{F4A38AFE-0894-44F5-9F14-1BC8ED5B9FB5}.Release_VC2017|x86.Build.0 = Release|Any CPU
		{F4A38AFE-0894-44F5-9F14-1BC8ED5B9FB5}.Release_VC2017-UNICODE|Any CPU.ActiveCfg = Release|Any CPU
		{F4A38AFE-0894-44F5-9F14-1BC8ED5B9FB5}.Release_VC2017-UNICODE|Any CPU.Build.0 = Release|Any CPU
		{F4A38AFE-0894-44F5-9F14-1BC8ED5B9FB5}.Release_VC2017-UNICODE|x64.ActiveCfg = Release|Any CPU
		{F4A38AFE-0894-44F5-9F14-1BC8ED5B9FB5}.Release_VC2017-UNICODE|x64.Build.0 = Release|Any CPU
		{F4A38AFE-0894-44F5-9F14-1BC8ED5B9FB5}.Release_VC2017-UNICODE|x86.ActiveCfg = Release|Any CPU
		{F4A38AFE-0894-44F5-9F14-1BC8ED5B9FB5}.Release_VC2017-UNICODE|x86.Build.0 = Release|Any CPU
		{F4A38AFE-0894-44F5-9F14-1BC8ED5B9FB5}.Release|Any CPU.ActiveCfg = Release|Any CPU
		{F4A38AFE-0894-44F5-9F14-1BC8ED5B9FB5}.Release|Any CPU.Build.0 = Release|Any CPU
		{F4A38AFE-0894-44F5-9F14-1BC8ED5B9FB5}.Release|x64.ActiveCfg = Release|Any CPU
		{F4A38AFE-0894-44F5-9F14-1BC8ED5B9FB5}.Release|x64.Build.0 = Release|Any CPU
		{F4A38AFE-0894-44F5-9F14-1BC8ED5B9FB5}.Release|x86.ActiveCfg = Release|Any CPU
		{F4A38AFE-0894-44F5-9F14-1BC8ED5B9FB5}.Release|x86.Build.0 = Release|Any CPU
		{1666DDA3-0B0A-4375-9FFA-B21C98EF55D1}.Debug_VC2017|Any CPU.ActiveCfg = Release|x64
		{1666DDA3-0B0A-4375-9FFA-B21C98EF55D1}.Debug_VC2017|Any CPU.Build.0 = Release|x64
		{1666DDA3-0B0A-4375-9FFA-B21C98EF55D1}.Debug_VC2017|x64.ActiveCfg = Debug|x64
		{1666DDA3-0B0A-4375-9FFA-B21C98EF55D1}.Debug_VC2017|x64.Build.0 = Debug|x64
		{1666DDA3-0B0A-4375-9FFA-B21C98EF55D1}.Debug_VC2017|x86.ActiveCfg = Debug|Win32
		{1666DDA3-0B0A-4375-9FFA-B21C98EF55D1}.Debug_VC2017|x86.Build.0 = Debug|Win32
		{1666DDA3-0B0A-4375-9FFA-B21C98EF55D1}.Debug_VC2017-UNICODE|Any CPU.ActiveCfg = Release|x64
		{1666DDA3-0B0A-4375-9FFA-B21C98EF55D1}.Debug_VC2017-UNICODE|Any CPU.Build.0 = Release|x64
		{1666DDA3-0B0A-4375-9FFA-B21C98EF55D1}.Debug_VC2017-UNICODE|x64.ActiveCfg = Debug|x64
		{1666DDA3-0B0A-4375-9FFA-B21C98EF55D1}.Debug_VC2017-UNICODE|x64.Build.0 = Debug|x64
		{1666DDA3-0B0A-4375-9FFA-B21C98EF55D1}.Debug_VC2017-UNICODE|x86.ActiveCfg = Debug|Win32
		{1666DDA3-0B0A-4375-9FFA-B21C98EF55D1}.Debug_VC2017-UNICODE|x86.Build.0 = Debug|Win32
		{1666DDA3-0B0A-4375-9FFA-B21C98EF55D1}.Debug|Any CPU.ActiveCfg = Debug|Win32
		{1666DDA3-0B0A-4375-9FFA-B21C98EF55D1}.Debug|x64.ActiveCfg = Debug|x64
		{1666DDA3-0B0A-4375-9FFA-B21C98EF55D1}.Debug|x64.Build.0 = Debug|x64
		{1666DDA3-0B0A-4375-9FFA-B21C98EF55D1}.Debug|x86.ActiveCfg = Debug|Win32
		{1666DDA3-0B0A-4375-9FFA-B21C98EF55D1}.Debug|x86.Build.0 = Debug|Win32
		{1666DDA3-0B0A-4375-9FFA-B21C98EF55D1}.Release_VC2017|Any CPU.ActiveCfg = Release|x64
		{1666DDA3-0B0A-4375-9FFA-B21C98EF55D1}.Release_VC2017|Any CPU.Build.0 = Release|x64
		{1666DDA3-0B0A-4375-9FFA-B21C98EF55D1}.Release_VC2017|x64.ActiveCfg = Release|x64
		{1666DDA3-0B0A-4375-9FFA-B21C98EF55D1}.Release_VC2017|x64.Build.0 = Release|x64
		{1666DDA3-0B0A-4375-9FFA-B21C98EF55D1}.Release_VC2017|x86.ActiveCfg = Release|Win32
		{1666DDA3-0B0A-4375-9FFA-B21C98EF55D1}.Release_VC2017|x86.Build.0 = Release|Win32
		{1666DDA3-0B0A-4375-9FFA-B21C98EF55D1}.Release_VC2017-UNICODE|Any CPU.ActiveCfg = Release|x64
		{1666DDA3-0B0A-4375-9FFA-B21C98EF55D1}.Release_VC2017-UNICODE|Any CPU.Build.0 = Release|x64
		{1666DDA3-0B0A-4375-9FFA-B21C98EF55D1}.Release_VC2017-UNICODE|x64.ActiveCfg = Release|x64
		{1666DDA3-0B0A-4375-9FFA-B21C98EF55D1}.Release_VC2017-UNICODE|x64.Build.0 = Release|x64
		{1666DDA3-0B0A-4375-9FFA-B21C98EF55D1}.Release_VC2017-UNICODE|x86.ActiveCfg = Release|Win32
		{1666DDA3-0B0A-4375-9FFA-B21C98EF55D1}.Release_VC2017-UNICODE|x86.Build.0 = Release|Win32
		{1666DDA3-0B0A-4375-9FFA-B21C98EF55D1}.Release|Any CPU.ActiveCfg = Release|Win32
		{1666DDA3-0B0A-4375-9FFA-B21C98EF55D1}.Release|x64.ActiveCfg = Release|x64
		{1666DDA3-0B0A-4375-9FFA-B21C98EF55D1}.Release|x64.Build.0 = Release|x64
		{1666DDA3-0B0A-4375-9FFA-B21C98EF55D1}.Release|x86.ActiveCfg = Release|Win32
		{1666DDA3-0B0A-4375-9FFA-B21C98EF55D1}.Release|x86.Build.0 = Release|Win32
	EndGlobalSection
	GlobalSection(SolutionProperties) = preSolution
		HideSolutionNode = FALSE
	EndGlobalSection
	GlobalSection(NestedProjects) = preSolution
		{DF56B89E-BA12-438C-BA64-1ADA4788A31C} = {2A9B6B8D-3E93-4B4A-BDF3-E8221E245DF6}
		{871B9277-3B84-4FA6-A74A-108C9AA57D50} = {2A9B6B8D-3E93-4B4A-BDF3-E8221E245DF6}
		{0C080E0C-BC91-4022-B9A6-67343DD2A6EA} = {2A9B6B8D-3E93-4B4A-BDF3-E8221E245DF6}
		{EF8364F1-F3BC-4E0C-8280-E1CD7A333E5B} = {2A9B6B8D-3E93-4B4A-BDF3-E8221E245DF6}
		{90409202-1342-4CCE-9881-4CC608BACD99} = {2A9B6B8D-3E93-4B4A-BDF3-E8221E245DF6}
		{9F4A477C-08CD-42B2-88E5-2CA644ED5595} = {2A9B6B8D-3E93-4B4A-BDF3-E8221E245DF6}
	EndGlobalSection
	GlobalSection(ExtensibilityGlobals) = postSolution
		SolutionGuid = {A653DCE9-EA08-409D-BCA7-47191D89C5EF}
	EndGlobalSection
EndGlobal
