
Microsoft Visual Studio Solution File, Format Version 12.00
# Visual Studio Version 16
VisualStudioVersion = 16.0.31515.178
MinimumVisualStudioVersion = 10.0.40219.1
Project("{9A19103F-16F7-4668-BE54-9A1E7A4F7556}") = "Common", "Common\Common.csproj", "{DF56B89E-BA12-438C-BA64-1ADA4788A31C}"
EndProject
Project("{9A19103F-16F7-4668-BE54-9A1E7A4F7556}") = "Config", "Config\Config.csproj", "{90409202-1342-4CCE-9881-4CC608BACD99}"
EndProject
Project("{9A19103F-16F7-4668-BE54-9A1E7A4F7556}") = "InteractiveLookup", "InteractiveLookup\InteractiveLookup.csproj", "{9F4A477C-08CD-42B2-88E5-2CA644ED5595}"
EndProject
Project("{8BC9CEB8-8B4A-11D0-8D11-00A0C91BC942}") = "MetaKitWrapper", "MetaKitWrapper\MetaKitWrapper\MetaKitWrapper.vcxproj", "{CE0BC61F-3773-4F7C-A3E7-C153346C434F}"
EndProject
Project("{9A19103F-16F7-4668-BE54-9A1E7A4F7556}") = "Extractor", "Extractor\Extractor.csproj", "{5FFC97F0-81BA-4716-9F1D-2213F4C1FC60}"
EndProject
Global
	GlobalSection(SolutionConfigurationPlatforms) = preSolution
		Debug_VC2017|Any CPU = Debug_VC2017|Any CPU
		Debug_VC2017|x64 = Debug_VC2017|x64
		Debug_VC2017|x86 = Debug_VC2017|x86
		Debug_VC2017-UNICODE|Any CPU = Debug_VC2017-UNICODE|Any CPU
		Debug_VC2017-UNICODE|x64 = Debug_VC2017-UNICODE|x64
		Debug_VC2017-UNICODE|x86 = Debug_VC2017-UNICODE|x86
		Debug|Any CPU = Debug|Any CPU
		Debug|x64 = Debug|x64
		Debug|x86 = Debug|x86
		Release_VC2017|Any CPU = Release_VC2017|Any CPU
		Release_VC2017|x64 = Release_VC2017|x64
		Release_VC2017|x86 = Release_VC2017|x86
		Release_VC2017-UNICODE|Any CPU = Release_VC2017-UNICODE|Any CPU
		Release_VC2017-UNICODE|x64 = Release_VC2017-UNICODE|x64
		Release_VC2017-UNICODE|x86 = Release_VC2017-UNICODE|x86
		Release|Any CPU = Release|Any CPU
		Release|x64 = Release|x64
		Release|x86 = Release|x86
	EndGlobalSection
	GlobalSection(ProjectConfigurationPlatforms) = postSolution
		{DF56B89E-BA12-438C-BA64-1ADA4788A31C}.Debug_VC2017|Any CPU.ActiveCfg = Debug|Any CPU
		{DF56B89E-BA12-438C-BA64-1ADA4788A31C}.Debug_VC2017|x64.ActiveCfg = Debug|Any CPU
		{DF56B89E-BA12-438C-BA64-1ADA4788A31C}.Debug_VC2017|x86.ActiveCfg = Debug|Any CPU
		{DF56B89E-BA12-438C-BA64-1ADA4788A31C}.Debug_VC2017-UNICODE|Any CPU.ActiveCfg = Debug|Any CPU
		{DF56B89E-BA12-438C-BA64-1ADA4788A31C}.Debug_VC2017-UNICODE|x64.ActiveCfg = Debug|Any CPU
		{DF56B89E-BA12-438C-BA64-1ADA4788A31C}.Debug_VC2017-UNICODE|x86.ActiveCfg = Debug|Any CPU
		{DF56B89E-BA12-438C-BA64-1ADA4788A31C}.Debug|Any CPU.ActiveCfg = Debug|Any CPU
		{DF56B89E-BA12-438C-BA64-1ADA4788A31C}.Debug|Any CPU.Build.0 = Debug|Any CPU
		{DF56B89E-BA12-438C-BA64-1ADA4788A31C}.Debug|x64.ActiveCfg = Debug|Any CPU
		{DF56B89E-BA12-438C-BA64-1ADA4788A31C}.Debug|x64.Build.0 = Debug|Any CPU
		{DF56B89E-BA12-438C-BA64-1ADA4788A31C}.Debug|x86.ActiveCfg = Debug|Any CPU
		{DF56B89E-BA12-438C-BA64-1ADA4788A31C}.Debug|x86.Build.0 = Debug|Any CPU
		{DF56B89E-BA12-438C-BA64-1ADA4788A31C}.Release_VC2017|Any CPU.ActiveCfg = Release|Any CPU
		{DF56B89E-BA12-438C-BA64-1ADA4788A31C}.Release_VC2017|x64.ActiveCfg = Release|Any CPU
		{DF56B89E-BA12-438C-BA64-1ADA4788A31C}.Release_VC2017|x86.ActiveCfg = Release|Any CPU
		{DF56B89E-BA12-438C-BA64-1ADA4788A31C}.Release_VC2017-UNICODE|Any CPU.ActiveCfg = Release|Any CPU
		{DF56B89E-BA12-438C-BA64-1ADA4788A31C}.Release_VC2017-UNICODE|x64.ActiveCfg = Release|Any CPU
		{DF56B89E-BA12-438C-BA64-1ADA4788A31C}.Release_VC2017-UNICODE|x86.ActiveCfg = Release|Any CPU
		{DF56B89E-BA12-438C-BA64-1ADA4788A31C}.Release|Any CPU.ActiveCfg = Release|Any CPU
		{DF56B89E-BA12-438C-BA64-1ADA4788A31C}.Release|Any CPU.Build.0 = Release|Any CPU
		{DF56B89E-BA12-438C-BA64-1ADA4788A31C}.Release|x64.ActiveCfg = Release|Any CPU
		{DF56B89E-BA12-438C-BA64-1ADA4788A31C}.Release|x64.Build.0 = Release|Any CPU
		{DF56B89E-BA12-438C-BA64-1ADA4788A31C}.Release|x86.ActiveCfg = Release|Any CPU
		{DF56B89E-BA12-438C-BA64-1ADA4788A31C}.Release|x86.Build.0 = Release|Any CPU
		{90409202-1342-4CCE-9881-4CC608BACD99}.Debug_VC2017|Any CPU.ActiveCfg = Debug|Any CPU
		{90409202-1342-4CCE-9881-4CC608BACD99}.Debug_VC2017|x64.ActiveCfg = Debug|Any CPU
		{90409202-1342-4CCE-9881-4CC608BACD99}.Debug_VC2017|x86.ActiveCfg = Debug|Any CPU
		{90409202-1342-4CCE-9881-4CC608BACD99}.Debug_VC2017-UNICODE|Any CPU.ActiveCfg = Debug|Any CPU
		{90409202-1342-4CCE-9881-4CC608BACD99}.Debug_VC2017-UNICODE|x64.ActiveCfg = Debug|Any CPU
		{90409202-1342-4CCE-9881-4CC608BACD99}.Debug_VC2017-UNICODE|x86.ActiveCfg = Debug|Any CPU
		{90409202-1342-4CCE-9881-4CC608BACD99}.Debug|Any CPU.ActiveCfg = Debug|Any CPU
		{90409202-1342-4CCE-9881-4CC608BACD99}.Debug|Any CPU.Build.0 = Debug|Any CPU
		{90409202-1342-4CCE-9881-4CC608BACD99}.Debug|x64.ActiveCfg = Debug|Any CPU
		{90409202-1342-4CCE-9881-4CC608BACD99}.Debug|x64.Build.0 = Debug|Any CPU
		{90409202-1342-4CCE-9881-4CC608BACD99}.Debug|x86.ActiveCfg = Debug|Any CPU
		{90409202-1342-4CCE-9881-4CC608BACD99}.Debug|x86.Build.0 = Debug|Any CPU
		{90409202-1342-4CCE-9881-4CC608BACD99}.Release_VC2017|Any CPU.ActiveCfg = Release|Any CPU
		{90409202-1342-4CCE-9881-4CC608BACD99}.Release_VC2017|x64.ActiveCfg = Release|Any CPU
		{90409202-1342-4CCE-9881-4CC608BACD99}.Release_VC2017|x86.ActiveCfg = Release|Any CPU
		{90409202-1342-4CCE-9881-4CC608BACD99}.Release_VC2017-UNICODE|Any CPU.ActiveCfg = Release|Any CPU
		{90409202-1342-4CCE-9881-4CC608BACD99}.Release_VC2017-UNICODE|x64.ActiveCfg = Release|Any CPU
		{90409202-1342-4CCE-9881-4CC608BACD99}.Release_VC2017-UNICODE|x86.ActiveCfg = Release|Any CPU
		{90409202-1342-4CCE-9881-4CC608BACD99}.Release|Any CPU.ActiveCfg = Release|Any CPU
		{90409202-1342-4CCE-9881-4CC608BACD99}.Release|Any CPU.Build.0 = Release|Any CPU
		{90409202-1342-4CCE-9881-4CC608BACD99}.Release|x64.ActiveCfg = Release|Any CPU
		{90409202-1342-4CCE-9881-4CC608BACD99}.Release|x64.Build.0 = Release|Any CPU
		{90409202-1342-4CCE-9881-4CC608BACD99}.Release|x86.ActiveCfg = Release|Any CPU
		{90409202-1342-4CCE-9881-4CC608BACD99}.Release|x86.Build.0 = Release|Any CPU
		{9F4A477C-08CD-42B2-88E5-2CA644ED5595}.Debug_VC2017|Any CPU.ActiveCfg = Debug|Any CPU
		{9F4A477C-08CD-42B2-88E5-2CA644ED5595}.Debug_VC2017|x64.ActiveCfg = Debug|Any CPU
		{9F4A477C-08CD-42B2-88E5-2CA644ED5595}.Debug_VC2017|x86.ActiveCfg = Debug|Any CPU
		{9F4A477C-08CD-42B2-88E5-2CA644ED5595}.Debug_VC2017-UNICODE|Any CPU.ActiveCfg = Debug|Any CPU
		{9F4A477C-08CD-42B2-88E5-2CA644ED5595}.Debug_VC2017-UNICODE|x64.ActiveCfg = Debug|Any CPU
		{9F4A477C-08CD-42B2-88E5-2CA644ED5595}.Debug_VC2017-UNICODE|x86.ActiveCfg = Debug|Any CPU
		{9F4A477C-08CD-42B2-88E5-2CA644ED5595}.Debug|Any CPU.ActiveCfg = Debug|Any CPU
		{9F4A477C-08CD-42B2-88E5-2CA644ED5595}.Debug|Any CPU.Build.0 = Debug|Any CPU
		{9F4A477C-08CD-42B2-88E5-2CA644ED5595}.Debug|x64.ActiveCfg = Debug|Any CPU
		{9F4A477C-08CD-42B2-88E5-2CA644ED5595}.Debug|x64.Build.0 = Debug|Any CPU
		{9F4A477C-08CD-42B2-88E5-2CA644ED5595}.Debug|x86.ActiveCfg = Debug|Any CPU
		{9F4A477C-08CD-42B2-88E5-2CA644ED5595}.Debug|x86.Build.0 = Debug|Any CPU
		{9F4A477C-08CD-42B2-88E5-2CA644ED5595}.Release_VC2017|Any CPU.ActiveCfg = Release|Any CPU
		{9F4A477C-08CD-42B2-88E5-2CA644ED5595}.Release_VC2017|x64.ActiveCfg = Release|Any CPU
		{9F4A477C-08CD-42B2-88E5-2CA644ED5595}.Release_VC2017|x86.ActiveCfg = Release|Any CPU
		{9F4A477C-08CD-42B2-88E5-2CA644ED5595}.Release_VC2017-UNICODE|Any CPU.ActiveCfg = Release|Any CPU
		{9F4A477C-08CD-42B2-88E5-2CA644ED5595}.Release_VC2017-UNICODE|x64.ActiveCfg = Release|Any CPU
		{9F4A477C-08CD-42B2-88E5-2CA644ED5595}.Release_VC2017-UNICODE|x86.ActiveCfg = Release|Any CPU
		{9F4A477C-08CD-42B2-88E5-2CA644ED5595}.Release|Any CPU.ActiveCfg = Release|Any CPU
		{9F4A477C-08CD-42B2-88E5-2CA644ED5595}.Release|Any CPU.Build.0 = Release|Any CPU
		{9F4A477C-08CD-42B2-88E5-2CA644ED5595}.Release|x64.ActiveCfg = Release|Any CPU
		{9F4A477C-08CD-42B2-88E5-2CA644ED5595}.Release|x64.Build.0 = Release|Any CPU
		{9F4A477C-08CD-42B2-88E5-2CA644ED5595}.Release|x86.ActiveCfg = Release|Any CPU
		{9F4A477C-08CD-42B2-88E5-2CA644ED5595}.Release|x86.Build.0 = Release|Any CPU
		{CE0BC61F-3773-4F7C-A3E7-C153346C434F}.Debug_VC2017|Any CPU.ActiveCfg = Debug|Win32
		{CE0BC61F-3773-4F7C-A3E7-C153346C434F}.Debug_VC2017|Any CPU.Build.0 = Debug|Win32
		{CE0BC61F-3773-4F7C-A3E7-C153346C434F}.Debug_VC2017|x64.ActiveCfg = Debug|Win32
		{CE0BC61F-3773-4F7C-A3E7-C153346C434F}.Debug_VC2017|x64.Build.0 = Debug|Win32
		{CE0BC61F-3773-4F7C-A3E7-C153346C434F}.Debug_VC2017|x86.ActiveCfg = Debug|Win32
		{CE0BC61F-3773-4F7C-A3E7-C153346C434F}.Debug_VC2017|x86.Build.0 = Debug|Win32
		{CE0BC61F-3773-4F7C-A3E7-C153346C434F}.Debug_VC2017-UNICODE|Any CPU.ActiveCfg = Debug|Win32
		{CE0BC61F-3773-4F7C-A3E7-C153346C434F}.Debug_VC2017-UNICODE|Any CPU.Build.0 = Debug|Win32
		{CE0BC61F-3773-4F7C-A3E7-C153346C434F}.Debug_VC2017-UNICODE|x64.ActiveCfg = Debug|Win32
		{CE0BC61F-3773-4F7C-A3E7-C153346C434F}.Debug_VC2017-UNICODE|x64.Build.0 = Debug|Win32
		{CE0BC61F-3773-4F7C-A3E7-C153346C434F}.Debug_VC2017-UNICODE|x86.ActiveCfg = Debug|Win32
		{CE0BC61F-3773-4F7C-A3E7-C153346C434F}.Debug_VC2017-UNICODE|x86.Build.0 = Debug|Win32
		{CE0BC61F-3773-4F7C-A3E7-C153346C434F}.Debug|Any CPU.ActiveCfg = Debug|Win32
		{CE0BC61F-3773-4F7C-A3E7-C153346C434F}.Debug|x64.ActiveCfg = Debug|Win32
		{CE0BC61F-3773-4F7C-A3E7-C153346C434F}.Debug|x86.ActiveCfg = Debug|Win32
		{CE0BC61F-3773-4F7C-A3E7-C153346C434F}.Debug|x86.Build.0 = Debug|Win32
		{CE0BC61F-3773-4F7C-A3E7-C153346C434F}.Release_VC2017|Any CPU.ActiveCfg = Debug|Win32
		{CE0BC61F-3773-4F7C-A3E7-C153346C434F}.Release_VC2017|Any CPU.Build.0 = Debug|Win32
		{CE0BC61F-3773-4F7C-A3E7-C153346C434F}.Release_VC2017|x64.ActiveCfg = Debug|Win32
		{CE0BC61F-3773-4F7C-A3E7-C153346C434F}.Release_VC2017|x64.Build.0 = Debug|Win32
		{CE0BC61F-3773-4F7C-A3E7-C153346C434F}.Release_VC2017|x86.ActiveCfg = Release|Win32
		{CE0BC61F-3773-4F7C-A3E7-C153346C434F}.Release_VC2017|x86.Build.0 = Release|Win32
		{CE0BC61F-3773-4F7C-A3E7-C153346C434F}.Release_VC2017-UNICODE|Any CPU.ActiveCfg = Debug|Win32
		{CE0BC61F-3773-4F7C-A3E7-C153346C434F}.Release_VC2017-UNICODE|Any CPU.Build.0 = Debug|Win32
		{CE0BC61F-3773-4F7C-A3E7-C153346C434F}.Release_VC2017-UNICODE|x64.ActiveCfg = Debug|Win32
		{CE0BC61F-3773-4F7C-A3E7-C153346C434F}.Release_VC2017-UNICODE|x64.Build.0 = Debug|Win32
		{CE0BC61F-3773-4F7C-A3E7-C153346C434F}.Release_VC2017-UNICODE|x86.ActiveCfg = Release|Win32
		{CE0BC61F-3773-4F7C-A3E7-C153346C434F}.Release_VC2017-UNICODE|x86.Build.0 = Release|Win32
		{CE0BC61F-3773-4F7C-A3E7-C153346C434F}.Release|Any CPU.ActiveCfg = Release|Win32
		{CE0BC61F-3773-4F7C-A3E7-C153346C434F}.Release|x64.ActiveCfg = Release|Win32
		{CE0BC61F-3773-4F7C-A3E7-C153346C434F}.Release|x86.ActiveCfg = Release|Win32
		{CE0BC61F-3773-4F7C-A3E7-C153346C434F}.Release|x86.Build.0 = Release|Win32
		{5FFC97F0-81BA-4716-9F1D-2213F4C1FC60}.Debug_VC2017|Any CPU.ActiveCfg = Debug|Any CPU
		{5FFC97F0-81BA-4716-9F1D-2213F4C1FC60}.Debug_VC2017|Any CPU.Build.0 = Debug|Any CPU
		{5FFC97F0-81BA-4716-9F1D-2213F4C1FC60}.Debug_VC2017|x64.ActiveCfg = Debug|Any CPU
		{5FFC97F0-81BA-4716-9F1D-2213F4C1FC60}.Debug_VC2017|x64.Build.0 = Debug|Any CPU
		{5FFC97F0-81BA-4716-9F1D-2213F4C1FC60}.Debug_VC2017|x86.ActiveCfg = Debug|Any CPU
		{5FFC97F0-81BA-4716-9F1D-2213F4C1FC60}.Debug_VC2017|x86.Build.0 = Debug|Any CPU
		{5FFC97F0-81BA-4716-9F1D-2213F4C1FC60}.Debug_VC2017-UNICODE|Any CPU.ActiveCfg = Debug|Any CPU
		{5FFC97F0-81BA-4716-9F1D-2213F4C1FC60}.Debug_VC2017-UNICODE|Any CPU.Build.0 = Debug|Any CPU
		{5FFC97F0-81BA-4716-9F1D-2213F4C1FC60}.Debug_VC2017-UNICODE|x64.ActiveCfg = Debug|Any CPU
		{5FFC97F0-81BA-4716-9F1D-2213F4C1FC60}.Debug_VC2017-UNICODE|x64.Build.0 = Debug|Any CPU
		{5FFC97F0-81BA-4716-9F1D-2213F4C1FC60}.Debug_VC2017-UNICODE|x86.ActiveCfg = Debug|Any CPU
		{5FFC97F0-81BA-4716-9F1D-2213F4C1FC60}.Debug_VC2017-UNICODE|x86.Build.0 = Debug|Any CPU
		{5FFC97F0-81BA-4716-9F1D-2213F4C1FC60}.Debug|Any CPU.ActiveCfg = Debug|Any CPU
		{5FFC97F0-81BA-4716-9F1D-2213F4C1FC60}.Debug|Any CPU.Build.0 = Debug|Any CPU
		{5FFC97F0-81BA-4716-9F1D-2213F4C1FC60}.Debug|x64.ActiveCfg = Debug|Any CPU
		{5FFC97F0-81BA-4716-9F1D-2213F4C1FC60}.Debug|x64.Build.0 = Debug|Any CPU
		{5FFC97F0-81BA-4716-9F1D-2213F4C1FC60}.Debug|x86.ActiveCfg = Debug|Any CPU
		{5FFC97F0-81BA-4716-9F1D-2213F4C1FC60}.Debug|x86.Build.0 = Debug|Any CPU
		{5FFC97F0-81BA-4716-9F1D-2213F4C1FC60}.Release_VC2017|Any CPU.ActiveCfg = Release|Any CPU
		{5FFC97F0-81BA-4716-9F1D-2213F4C1FC60}.Release_VC2017|Any CPU.Build.0 = Release|Any CPU
		{5FFC97F0-81BA-4716-9F1D-2213F4C1FC60}.Release_VC2017|x64.ActiveCfg = Release|Any CPU
		{5FFC97F0-81BA-4716-9F1D-2213F4C1FC60}.Release_VC2017|x64.Build.0 = Release|Any CPU
		{5FFC97F0-81BA-4716-9F1D-2213F4C1FC60}.Release_VC2017|x86.ActiveCfg = Release|Any CPU
		{5FFC97F0-81BA-4716-9F1D-2213F4C1FC60}.Release_VC2017|x86.Build.0 = Release|Any CPU
		{5FFC97F0-81BA-4716-9F1D-2213F4C1FC60}.Release_VC2017-UNICODE|Any CPU.ActiveCfg = Release|Any CPU
		{5FFC97F0-81BA-4716-9F1D-2213F4C1FC60}.Release_VC2017-UNICODE|Any CPU.Build.0 = Release|Any CPU
		{5FFC97F0-81BA-4716-9F1D-2213F4C1FC60}.Release_VC2017-UNICODE|x64.ActiveCfg = Release|Any CPU
		{5FFC97F0-81BA-4716-9F1D-2213F4C1FC60}.Release_VC2017-UNICODE|x64.Build.0 = Release|Any CPU
		{5FFC97F0-81BA-4716-9F1D-2213F4C1FC60}.Release_VC2017-UNICODE|x86.ActiveCfg = Release|Any CPU
		{5FFC97F0-81BA-4716-9F1D-2213F4C1FC60}.Release_VC2017-UNICODE|x86.Build.0 = Release|Any CPU
		{5FFC97F0-81BA-4716-9F1D-2213F4C1FC60}.Release|Any CPU.ActiveCfg = Release|Any CPU
		{5FFC97F0-81BA-4716-9F1D-2213F4C1FC60}.Release|Any CPU.Build.0 = Release|Any CPU
		{5FFC97F0-81BA-4716-9F1D-2213F4C1FC60}.Release|x64.ActiveCfg = Release|Any CPU
		{5FFC97F0-81BA-4716-9F1D-2213F4C1FC60}.Release|x64.Build.0 = Release|Any CPU
		{5FFC97F0-81BA-4716-9F1D-2213F4C1FC60}.Release|x86.ActiveCfg = Release|Any CPU
		{5FFC97F0-81BA-4716-9F1D-2213F4C1FC60}.Release|x86.Build.0 = Release|Any CPU
	EndGlobalSection
	GlobalSection(SolutionProperties) = preSolution
		HideSolutionNode = FALSE
	EndGlobalSection
	GlobalSection(ExtensibilityGlobals) = postSolution
		SolutionGuid = {A653DCE9-EA08-409D-BCA7-47191D89C5EF}
	EndGlobalSection
EndGlobal
