<?xml version="1.0" encoding="utf-8"?>
<Project ToolsVersion="4.0" xmlns="http://schemas.microsoft.com/developer/msbuild/2003">
  <ItemGroup>
    <Filter Include="Utils">
      <UniqueIdentifier>{da1536bd-f86f-472b-a3c3-5f3a26a0d8bf}</UniqueIdentifier>
    </Filter>
    <Filter Include="Common">
      <UniqueIdentifier>{0f47c530-feb7-449c-a4be-a0917609598a}</UniqueIdentifier>
    </Filter>
    <Filter Include="Utils\CsvDump">
      <UniqueIdentifier>{bfc29236-fe18-43d1-8116-485995cfee5c}</UniqueIdentifier>
    </Filter>
    <Filter Include="Capstone">
      <UniqueIdentifier>{ed46aaac-c516-4282-b343-7b1dd5550481}</UniqueIdentifier>
    </Filter>
    <Filter Include="Tracing">
      <UniqueIdentifier>{9c6958db-3418-44e9-9c95-23e920fa019e}</UniqueIdentifier>
    </Filter>
  </ItemGroup>
  <ItemGroup>
    <ClInclude Include="winapi_config.h">
      <Filter>Common</Filter>
    </ClInclude>
    <ClInclude Include="common.h">
      <Filter>Common</Filter>
    </ClInclude>
    <ClInclude Include="string_dump.hpp">
      <Filter>Utils</Filter>
    </ClInclude>
    <ClInclude Include="csv_dump.h">
      <Filter>Utils\CsvDump</Filter>
    </ClInclude>
    <ClInclude Include="tracer.h">
      <Filter>Tracing</Filter>
    </ClInclude>
    <ClInclude Include="capstone.h">
      <Filter>Capstone</Filter>
    </ClInclude>
    <ClInclude Include="helper.hpp">
      <Filter>Utils</Filter>
    </ClInclude>
  </ItemGroup>
  <ItemGroup>
    <ClCompile Include="main.cpp" />
    <ClCompile Include="common.cpp">
      <Filter>Common</Filter>
    </ClCompile>
    <ClCompile Include="csv_dump.cpp">
      <Filter>Utils\CsvDump</Filter>
    </ClCompile>
    <ClCompile Include="tracer.cpp">
      <Filter>Tracing</Filter>
    </ClCompile>
    <ClCompile Include="capstone.cpp">
      <Filter>Capstone</Filter>
    </ClCompile>
  </ItemGroup>
  <ItemGroup>
    <None Include="packages.config" />
  </ItemGroup>
  <ItemGroup>
    <Text Include="note.txt" />
  </ItemGroup>
</Project>